
Microsoft Visual Studio Solution File, Format Version 12.00
# Visual Studio Version 16
VisualStudioVersion = 16.0.30717.126
MinimumVisualStudioVersion = 10.0.40219.1
Project("{FAE04EC0-301F-11D3-BF4B-00C04F79EFBC}") = "KaspiConsole", "KaspiConsole\KaspiConsole.csproj", "{007541D8-069C-4877-AACF-7AC41EE056A6}"
EndProject
Project("{FAE04EC0-301F-11D3-BF4B-00C04F79EFBC}") = "OopNachalo", "OopNachalo\OopNachalo.csproj", "{AE0F9DCB-258C-4FDF-A567-D19918164871}"
EndProject
Project("{FAE04EC0-301F-11D3-BF4B-00C04F79EFBC}") = "OopStorage", "OopStorage\OopStorage.csproj", "{6A6A692A-6487-4A91-B3A4-755EB8DF4BC5}"
EndProject
Global
	GlobalSection(SolutionConfigurationPlatforms) = preSolution
		Debug|Any CPU = Debug|Any CPU
		Release|Any CPU = Release|Any CPU
	EndGlobalSection
	GlobalSection(ProjectConfigurationPlatforms) = postSolution
		{007541D8-069C-4877-AACF-7AC41EE056A6}.Debug|Any CPU.ActiveCfg = Debug|Any CPU
		{007541D8-069C-4877-AACF-7AC41EE056A6}.Debug|Any CPU.Build.0 = Debug|Any CPU
		{007541D8-069C-4877-AACF-7AC41EE056A6}.Release|Any CPU.ActiveCfg = Release|Any CPU
		{007541D8-069C-4877-AACF-7AC41EE056A6}.Release|Any CPU.Build.0 = Release|Any CPU
		{AE0F9DCB-258C-4FDF-A567-D19918164871}.Debug|Any CPU.ActiveCfg = Debug|Any CPU
		{AE0F9DCB-258C-4FDF-A567-D19918164871}.Debug|Any CPU.Build.0 = Debug|Any CPU
		{AE0F9DCB-258C-4FDF-A567-D19918164871}.Release|Any CPU.ActiveCfg = Release|Any CPU
		{AE0F9DCB-258C-4FDF-A567-D19918164871}.Release|Any CPU.Build.0 = Release|Any CPU
		{6A6A692A-6487-4A91-B3A4-755EB8DF4BC5}.Debug|Any CPU.ActiveCfg = Debug|Any CPU
		{6A6A692A-6487-4A91-B3A4-755EB8DF4BC5}.Debug|Any CPU.Build.0 = Debug|Any CPU
		{6A6A692A-6487-4A91-B3A4-755EB8DF4BC5}.Release|Any CPU.ActiveCfg = Release|Any CPU
		{6A6A692A-6487-4A91-B3A4-755EB8DF4BC5}.Release|Any CPU.Build.0 = Release|Any CPU
	EndGlobalSection
	GlobalSection(SolutionProperties) = preSolution
		HideSolutionNode = FALSE
	EndGlobalSection
	GlobalSection(ExtensibilityGlobals) = postSolution
		SolutionGuid = {1C676A87-8404-4989-AC43-B11E6B9D9509}
	EndGlobalSection
EndGlobal
